vimagination.zapto.org/memio v0.0.0-20200222190306-588ebc67b97d h1:Mp6WiHHuiwHaknxTdxJ8pvC9/B4pOgW1PamKGexG7Fs=
vimagination.zapto.org/memio v0.0.0-20200222190306-588ebc67b97d/go.mod h1:zHGDKp2tyvF4IAfLti4pKYqCJucXYmmKMb3UMrCHK/4=
vimagination.zapto.org/parser v0.0.0-20190322094028-915635b05e24 h1:KSxxlFuRz9NsbybCrFOUN5omtkRD9NHY6Cw8plfZrVg=
vimagination.zapto.org/parser v0.0.0-20190322094028-915635b05e24/go.mod h1:WT+8/T+qTZDNVO5GcXv8pWSn7AIWakJZWMN1mL662WY=
