vimagination.zapto.org/parser v1.0.2 h1:EVp5w4HmERKntuXFhJVVdmLanqXUBW/VyDUzUDY/rY0=
vimagination.zapto.org/parser v1.0.2/go.mod h1:/H483adsvbp1SLfB0xfFBVfh+mze11+FHwCijc0rpCc=
vimagination.zapto.org/parser v1.0.3 h1:92c0HzyclrZa+ywEa/ensE69Baol0/tXqU6ExsS9olM=
vimagination.zapto.org/parser v1.0.3/go.mod h1:/H483adsvbp1SLfB0xfFBVfh+mze11+FHwCijc0rpCc=
